{
    "_meta": {
        "hash": {
            "sha256": "79375537f79b2b19f188202a9bf634334bb6b799427f3078a01f8c0622cb8f6e"
        },
        "pipfile-spec": 6,
        "requires": {
            "python_version": "3.7"
        },
        "sources": [
            {
                "name": "pypi",
                "url": "https://pypi.org/simple",
                "verify_ssl": true
            }
        ]
    },
    "default": {
        "six": {
            "hashes": [
                "sha256:70e8a77beed4562e7f14fe23a786b54f6296e34344c23bc42f07b15018ff98e9",
                "sha256:832dc0e10feb1aa2c68dcc57dbb658f1c7e65b9b61af69048abc87a2db00a0eb"
            ],
            "version": "==1.11.0"
        },
        "sqlalchemy": {
            "hashes": [
                "sha256:9de7c7dabcf06319becdb7e15099c44e5e34ba7062f9ba10bc00e562f5db3d04"
            ],
            "index": "pypi",
            "version": "==1.2.14"
        },
        "transitions": {
            "hashes": [
                "sha256:00bfa91b0cfe3f649731b2f28478c4314bb9e830c600b422973f1b3a704ac710",
                "sha256:afe0f498cf1f3f3b0fc13562011b8895a172df8f891dbb5118923d46e78a96d7"
            ],
            "index": "pypi",
            "version": "==0.6.9"
        }
    },
    "develop": {}
}
